<?xml version="1.0" encoding="utf-8"?>
<Project ToolsVersion="4.0" xmlns="http://schemas.microsoft.com/developer/msbuild/2003">
  <ItemGroup>
    <Filter Include="來源檔案">
      <UniqueIdentifier>{4FC737F1-C7A5-4376-A066-2A32D752A2FF}</UniqueIdentifier>
      <Extensions>cpp;c;cc;cxx;c++;cppm;ixx;def;odl;idl;hpj;bat;asm;asmx</Extensions>
    </Filter>
  </ItemGroup>
  <ItemGroup>
    <ClCompile Include="main.cpp">
      <Filter>來源檔案</Filter>
    </ClCompile>
  </ItemGroup>
  <ItemGroup>
    <ClInclude Include="BoardManager\BoardManager.h" />
    <ClInclude Include="User\User.h" />
    <ClInclude Include="Viewer\Viwer.h" />
    <ClInclude Include="Board\Board.h" />
    <ClInclude Include="User\Admin.h" />
    <ClInclude Include="User\Member.h" />
    <ClInclude Include="User\Guest.h" />
  </ItemGroup>
</Project>